
Microsoft Visual Studio Solution File, Format Version 12.00
# Visual Studio Version 17
VisualStudioVersion = 17.5.33530.505
MinimumVisualStudioVersion = 10.0.40219.1
Project("{FAE04EC0-301F-11D3-BF4B-00C04F79EFBC}") = "HamerKazit", "HamerKazit\HamerKazit.csproj", "{E1ED1F4A-7898-4BB2-9DB0-EE4B19CC264D}"
EndProject
Project("{FAE04EC0-301F-11D3-BF4B-00C04F79EFBC}") = "Model", "Model\Model.csproj", "{28341234-16A7-4862-BF43-30173BF4A8F3}"
EndProject
Project("{FAE04EC0-301F-11D3-BF4B-00C04F79EFBC}") = "ViewModel", "ViewModel\ViewModel.csproj", "{CD1221C2-A908-48BF-A595-9A07B6B0B6A4}"
EndProject
Project("{FAE04EC0-301F-11D3-BF4B-00C04F79EFBC}") = "ConsoleApp1", "ConsoleApp1\ConsoleApp1.csproj", "{77B75451-F434-4273-A73D-91316A2EC1D7}"
EndProject
Global
	GlobalSection(SolutionConfigurationPlatforms) = preSolution
		Debug|Any CPU = Debug|Any CPU
		Release|Any CPU = Release|Any CPU
	EndGlobalSection
	GlobalSection(ProjectConfigurationPlatforms) = postSolution
		{E1ED1F4A-7898-4BB2-9DB0-EE4B19CC264D}.Debug|Any CPU.ActiveCfg = Debug|Any CPU
		{E1ED1F4A-7898-4BB2-9DB0-EE4B19CC264D}.Debug|Any CPU.Build.0 = Debug|Any CPU
		{E1ED1F4A-7898-4BB2-9DB0-EE4B19CC264D}.Release|Any CPU.ActiveCfg = Release|Any CPU
		{E1ED1F4A-7898-4BB2-9DB0-EE4B19CC264D}.Release|Any CPU.Build.0 = Release|Any CPU
		{28341234-16A7-4862-BF43-30173BF4A8F3}.Debug|Any CPU.ActiveCfg = Debug|Any CPU
		{28341234-16A7-4862-BF43-30173BF4A8F3}.Debug|Any CPU.Build.0 = Debug|Any CPU
		{28341234-16A7-4862-BF43-30173BF4A8F3}.Release|Any CPU.ActiveCfg = Release|Any CPU
		{28341234-16A7-4862-BF43-30173BF4A8F3}.Release|Any CPU.Build.0 = Release|Any CPU
		{CD1221C2-A908-48BF-A595-9A07B6B0B6A4}.Debug|Any CPU.ActiveCfg = Debug|Any CPU
		{CD1221C2-A908-48BF-A595-9A07B6B0B6A4}.Debug|Any CPU.Build.0 = Debug|Any CPU
		{CD1221C2-A908-48BF-A595-9A07B6B0B6A4}.Release|Any CPU.ActiveCfg = Release|Any CPU
		{CD1221C2-A908-48BF-A595-9A07B6B0B6A4}.Release|Any CPU.Build.0 = Release|Any CPU
		{77B75451-F434-4273-A73D-91316A2EC1D7}.Debug|Any CPU.ActiveCfg = Debug|Any CPU
		{77B75451-F434-4273-A73D-91316A2EC1D7}.Debug|Any CPU.Build.0 = Debug|Any CPU
		{77B75451-F434-4273-A73D-91316A2EC1D7}.Release|Any CPU.ActiveCfg = Release|Any CPU
		{77B75451-F434-4273-A73D-91316A2EC1D7}.Release|Any CPU.Build.0 = Release|Any CPU
	EndGlobalSection
	GlobalSection(SolutionProperties) = preSolution
		HideSolutionNode = FALSE
	EndGlobalSection
	GlobalSection(ExtensibilityGlobals) = postSolution
		SolutionGuid = {2A7EEBF0-8403-4155-8D84-1675A5BCCB79}
	EndGlobalSection
EndGlobal
